// !$*UTF8*$!
{
	archiveVersion = 1;
	classes = {
	};
	objectVersion = 56;
	objects = {

/* Begin PBXBuildFile section */
		4E1E2A4C1EF59D36FFF5DF29 /* Pods_CSTV.framework in Frameworks */ = {isa = PBXBuildFile; fileRef = EB9172A81E8206DDF8A6E76E /* Pods_CSTV.framework */; };
		6B4459342979997E004A6311 /* AuthManager.swift in Sources */ = {isa = PBXBuildFile; fileRef = 6B4459332979997E004A6311 /* AuthManager.swift */; };
		6B4459362979998F004A6311 /* KeychainManager.swift in Sources */ = {isa = PBXBuildFile; fileRef = 6B4459352979998F004A6311 /* KeychainManager.swift */; };
		6B44593A2979B692004A6311 /* MatchesDataSource.swift in Sources */ = {isa = PBXBuildFile; fileRef = 6B4459392979B692004A6311 /* MatchesDataSource.swift */; };
		6B44593C2979B6AE004A6311 /* RemoteMatchesDataSource.swift in Sources */ = {isa = PBXBuildFile; fileRef = 6B44593B2979B6AE004A6311 /* RemoteMatchesDataSource.swift */; };
		6B44593E2979B6C2004A6311 /* MatchDetailsDataSource.swift in Sources */ = {isa = PBXBuildFile; fileRef = 6B44593D2979B6C2004A6311 /* MatchDetailsDataSource.swift */; };
		6B4459402979B6D7004A6311 /* RemoteMatchDetailsDataSource.swift in Sources */ = {isa = PBXBuildFile; fileRef = 6B44593F2979B6D7004A6311 /* RemoteMatchDetailsDataSource.swift */; };
		6B4459422979C24F004A6311 /* RepositoryState.swift in Sources */ = {isa = PBXBuildFile; fileRef = 6B4459412979C24F004A6311 /* RepositoryState.swift */; };
		6B508064297652A30086E9E3 /* AppDelegate.swift in Sources */ = {isa = PBXBuildFile; fileRef = 6B508063297652A30086E9E3 /* AppDelegate.swift */; };
		6B508066297652A30086E9E3 /* SceneDelegate.swift in Sources */ = {isa = PBXBuildFile; fileRef = 6B508065297652A30086E9E3 /* SceneDelegate.swift */; };
		6B50806D297652A30086E9E3 /* Assets.xcassets in Resources */ = {isa = PBXBuildFile; fileRef = 6B50806C297652A30086E9E3 /* Assets.xcassets */; };
		6B508070297652A30086E9E3 /* LaunchScreen.storyboard in Resources */ = {isa = PBXBuildFile; fileRef = 6B50806E297652A30086E9E3 /* LaunchScreen.storyboard */; };
		6B946CEC29771F9E00D570FB /* AppCoordinator.swift in Sources */ = {isa = PBXBuildFile; fileRef = 6B946CEB29771F9E00D570FB /* AppCoordinator.swift */; };
		6B946CF12977244000D570FB /* MainCoordinator.swift in Sources */ = {isa = PBXBuildFile; fileRef = 6B946CF02977244000D570FB /* MainCoordinator.swift */; };
		6B946CF4297724F500D570FB /* ListOfMatchesViewController.swift in Sources */ = {isa = PBXBuildFile; fileRef = 6B946CF2297724F500D570FB /* ListOfMatchesViewController.swift */; };
		6B946CF5297724F500D570FB /* ListOfMatchesViewController.xib in Resources */ = {isa = PBXBuildFile; fileRef = 6B946CF3297724F500D570FB /* ListOfMatchesViewController.xib */; };
		6B946CFD2977281700D570FB /* Coordinator.swift in Sources */ = {isa = PBXBuildFile; fileRef = 6B946CFC2977281700D570FB /* Coordinator.swift */; };
		6B946D0229772F9C00D570FB /* ListOfMatchesTableViewCell.swift in Sources */ = {isa = PBXBuildFile; fileRef = 6B946D0029772F9C00D570FB /* ListOfMatchesTableViewCell.swift */; };
		6B946D0329772F9C00D570FB /* ListOfMatchesTableViewCell.xib in Resources */ = {isa = PBXBuildFile; fileRef = 6B946D0129772F9C00D570FB /* ListOfMatchesTableViewCell.xib */; };
		6B946D052977311300D570FB /* ListOfMatchesViewModel.swift in Sources */ = {isa = PBXBuildFile; fileRef = 6B946D042977311300D570FB /* ListOfMatchesViewModel.swift */; };
		6B946D072977312900D570FB /* DefaultListOfMatchesViewModel.swift in Sources */ = {isa = PBXBuildFile; fileRef = 6B946D062977312900D570FB /* DefaultListOfMatchesViewModel.swift */; };
		6B946D0A29777BF400D570FB /* PandaScoreAPI.swift in Sources */ = {isa = PBXBuildFile; fileRef = 6B946D0929777BF400D570FB /* PandaScoreAPI.swift */; };
		6B9C3F19297A26C200BD4BC0 /* Observable.swift in Sources */ = {isa = PBXBuildFile; fileRef = 6B9C3F18297A26C200BD4BC0 /* Observable.swift */; };
		6BA98C49297A1BC9005549DC /* MatchesRepository.swift in Sources */ = {isa = PBXBuildFile; fileRef = 6BA98C48297A1BC9005549DC /* MatchesRepository.swift */; };
		6BA98C4B297A1C86005549DC /* DefaultMatchesRepository.swift in Sources */ = {isa = PBXBuildFile; fileRef = 6BA98C4A297A1C86005549DC /* DefaultMatchesRepository.swift */; };
		6BEADCD8297882F100DBDC60 /* DTOMapper.swift in Sources */ = {isa = PBXBuildFile; fileRef = 6BEADCD7297882F100DBDC60 /* DTOMapper.swift */; };
		6BEADCE12978CF9300DBDC60 /* MatchesService.swift in Sources */ = {isa = PBXBuildFile; fileRef = 6BEADCE02978CF9300DBDC60 /* MatchesService.swift */; };
		6BEADCE32978CFA800DBDC60 /* RemoteMatchesService.swift in Sources */ = {isa = PBXBuildFile; fileRef = 6BEADCE22978CFA800DBDC60 /* RemoteMatchesService.swift */; };
		6BEADCE52978CFC400DBDC60 /* MatchDetailsService.swift in Sources */ = {isa = PBXBuildFile; fileRef = 6BEADCE42978CFC400DBDC60 /* MatchDetailsService.swift */; };
		6BEADCE72978CFDC00DBDC60 /* RemoteMatchDetailsService.swift in Sources */ = {isa = PBXBuildFile; fileRef = 6BEADCE62978CFDC00DBDC60 /* RemoteMatchDetailsService.swift */; };
		6BEADCEB2978D0B800DBDC60 /* MatchesResponse.swift in Sources */ = {isa = PBXBuildFile; fileRef = 6BEADCEA2978D0B800DBDC60 /* MatchesResponse.swift */; };
		6BEADCF02978D8EC00DBDC60 /* Adversary.swift in Sources */ = {isa = PBXBuildFile; fileRef = 6BEADCEF2978D8EC00DBDC60 /* Adversary.swift */; };
		6BEADCF22978D8F900DBDC60 /* Matches.swift in Sources */ = {isa = PBXBuildFile; fileRef = 6BEADCF12978D8F900DBDC60 /* Matches.swift */; };
		6BEADCF42978DB4200DBDC60 /* AdversarySpecifications.swift in Sources */ = {isa = PBXBuildFile; fileRef = 6BEADCF32978DB4200DBDC60 /* AdversarySpecifications.swift */; };
		6BEADCF62978DF0D00DBDC60 /* League.swift in Sources */ = {isa = PBXBuildFile; fileRef = 6BEADCF52978DF0D00DBDC60 /* League.swift */; };
		6BEADCFB2978E1FE00DBDC60 /* TeamsDetails.swift in Sources */ = {isa = PBXBuildFile; fileRef = 6BEADCFA2978E1FE00DBDC60 /* TeamsDetails.swift */; };
		6BEADCFD2978E22D00DBDC60 /* Players.swift in Sources */ = {isa = PBXBuildFile; fileRef = 6BEADCFC2978E22D00DBDC60 /* Players.swift */; };
		6BEADCFF2978E40200DBDC60 /* AdversaryResponse.swift in Sources */ = {isa = PBXBuildFile; fileRef = 6BEADCFE2978E40200DBDC60 /* AdversaryResponse.swift */; };
		6BEADD032978E70300DBDC60 /* AdversarySpecificationsResponse.swift in Sources */ = {isa = PBXBuildFile; fileRef = 6BEADD022978E70300DBDC60 /* AdversarySpecificationsResponse.swift */; };
		6BEADD052978E96A00DBDC60 /* LeagueResponse.swift in Sources */ = {isa = PBXBuildFile; fileRef = 6BEADD042978E96A00DBDC60 /* LeagueResponse.swift */; };
		6BEADD072978F9A400DBDC60 /* MatchDetailsResponse.swift in Sources */ = {isa = PBXBuildFile; fileRef = 6BEADD062978F9A400DBDC60 /* MatchDetailsResponse.swift */; };
		6BEADD09297905C600DBDC60 /* MatchTeamsDetailsResponse.swift in Sources */ = {isa = PBXBuildFile; fileRef = 6BEADD08297905C600DBDC60 /* MatchTeamsDetailsResponse.swift */; };
/* End PBXBuildFile section */

/* Begin PBXFileReference section */
		2EECE291B2B95C703F54C776 /* Pods-CSTV.release.xcconfig */ = {isa = PBXFileReference; includeInIndex = 1; lastKnownFileType = text.xcconfig; name = "Pods-CSTV.release.xcconfig"; path = "Target Support Files/Pods-CSTV/Pods-CSTV.release.xcconfig"; sourceTree = "<group>"; };
		6B4459332979997E004A6311 /* AuthManager.swift */ = {isa = PBXFileReference; lastKnownFileType = sourcecode.swift; path = AuthManager.swift; sourceTree = "<group>"; };
		6B4459352979998F004A6311 /* KeychainManager.swift */ = {isa = PBXFileReference; lastKnownFileType = sourcecode.swift; path = KeychainManager.swift; sourceTree = "<group>"; };
		6B4459392979B692004A6311 /* MatchesDataSource.swift */ = {isa = PBXFileReference; lastKnownFileType = sourcecode.swift; path = MatchesDataSource.swift; sourceTree = "<group>"; };
		6B44593B2979B6AE004A6311 /* RemoteMatchesDataSource.swift */ = {isa = PBXFileReference; lastKnownFileType = sourcecode.swift; path = RemoteMatchesDataSource.swift; sourceTree = "<group>"; };
		6B44593D2979B6C2004A6311 /* MatchDetailsDataSource.swift */ = {isa = PBXFileReference; lastKnownFileType = sourcecode.swift; path = MatchDetailsDataSource.swift; sourceTree = "<group>"; };
		6B44593F2979B6D7004A6311 /* RemoteMatchDetailsDataSource.swift */ = {isa = PBXFileReference; lastKnownFileType = sourcecode.swift; path = RemoteMatchDetailsDataSource.swift; sourceTree = "<group>"; };
		6B4459412979C24F004A6311 /* RepositoryState.swift */ = {isa = PBXFileReference; lastKnownFileType = sourcecode.swift; path = RepositoryState.swift; sourceTree = "<group>"; };
		6B508060297652A30086E9E3 /* CSTV.app */ = {isa = PBXFileReference; explicitFileType = wrapper.application; includeInIndex = 0; path = CSTV.app; sourceTree = BUILT_PRODUCTS_DIR; };
		6B508063297652A30086E9E3 /* AppDelegate.swift */ = {isa = PBXFileReference; lastKnownFileType = sourcecode.swift; path = AppDelegate.swift; sourceTree = "<group>"; };
		6B508065297652A30086E9E3 /* SceneDelegate.swift */ = {isa = PBXFileReference; lastKnownFileType = sourcecode.swift; path = SceneDelegate.swift; sourceTree = "<group>"; };
		6B50806C297652A30086E9E3 /* Assets.xcassets */ = {isa = PBXFileReference; lastKnownFileType = folder.assetcatalog; path = Assets.xcassets; sourceTree = "<group>"; };
		6B50806F297652A30086E9E3 /* Base */ = {isa = PBXFileReference; lastKnownFileType = file.storyboard; name = Base; path = Base.lproj/LaunchScreen.storyboard; sourceTree = "<group>"; };
		6B508071297652A30086E9E3 /* Info.plist */ = {isa = PBXFileReference; lastKnownFileType = text.plist.xml; path = Info.plist; sourceTree = "<group>"; };
		6B946CEB29771F9E00D570FB /* AppCoordinator.swift */ = {isa = PBXFileReference; lastKnownFileType = sourcecode.swift; path = AppCoordinator.swift; sourceTree = "<group>"; };
		6B946CF02977244000D570FB /* MainCoordinator.swift */ = {isa = PBXFileReference; lastKnownFileType = sourcecode.swift; path = MainCoordinator.swift; sourceTree = "<group>"; };
		6B946CF2297724F500D570FB /* ListOfMatchesViewController.swift */ = {isa = PBXFileReference; lastKnownFileType = sourcecode.swift; path = ListOfMatchesViewController.swift; sourceTree = "<group>"; };
		6B946CF3297724F500D570FB /* ListOfMatchesViewController.xib */ = {isa = PBXFileReference; lastKnownFileType = file.xib; path = ListOfMatchesViewController.xib; sourceTree = "<group>"; };
		6B946CFC2977281700D570FB /* Coordinator.swift */ = {isa = PBXFileReference; lastKnownFileType = sourcecode.swift; path = Coordinator.swift; sourceTree = "<group>"; };
		6B946D0029772F9C00D570FB /* ListOfMatchesTableViewCell.swift */ = {isa = PBXFileReference; lastKnownFileType = sourcecode.swift; path = ListOfMatchesTableViewCell.swift; sourceTree = "<group>"; };
		6B946D0129772F9C00D570FB /* ListOfMatchesTableViewCell.xib */ = {isa = PBXFileReference; lastKnownFileType = file.xib; path = ListOfMatchesTableViewCell.xib; sourceTree = "<group>"; };
		6B946D042977311300D570FB /* ListOfMatchesViewModel.swift */ = {isa = PBXFileReference; lastKnownFileType = sourcecode.swift; path = ListOfMatchesViewModel.swift; sourceTree = "<group>"; };
		6B946D062977312900D570FB /* DefaultListOfMatchesViewModel.swift */ = {isa = PBXFileReference; lastKnownFileType = sourcecode.swift; path = DefaultListOfMatchesViewModel.swift; sourceTree = "<group>"; };
		6B946D0929777BF400D570FB /* PandaScoreAPI.swift */ = {isa = PBXFileReference; lastKnownFileType = sourcecode.swift; path = PandaScoreAPI.swift; sourceTree = "<group>"; };
		6B9C3F18297A26C200BD4BC0 /* Observable.swift */ = {isa = PBXFileReference; lastKnownFileType = sourcecode.swift; path = Observable.swift; sourceTree = "<group>"; };
		6BA98C48297A1BC9005549DC /* MatchesRepository.swift */ = {isa = PBXFileReference; lastKnownFileType = sourcecode.swift; path = MatchesRepository.swift; sourceTree = "<group>"; };
		6BA98C4A297A1C86005549DC /* DefaultMatchesRepository.swift */ = {isa = PBXFileReference; lastKnownFileType = sourcecode.swift; path = DefaultMatchesRepository.swift; sourceTree = "<group>"; };
		6BEADCD7297882F100DBDC60 /* DTOMapper.swift */ = {isa = PBXFileReference; lastKnownFileType = sourcecode.swift; path = DTOMapper.swift; sourceTree = "<group>"; };
		6BEADCE02978CF9300DBDC60 /* MatchesService.swift */ = {isa = PBXFileReference; lastKnownFileType = sourcecode.swift; path = MatchesService.swift; sourceTree = "<group>"; };
		6BEADCE22978CFA800DBDC60 /* RemoteMatchesService.swift */ = {isa = PBXFileReference; lastKnownFileType = sourcecode.swift; path = RemoteMatchesService.swift; sourceTree = "<group>"; };
		6BEADCE42978CFC400DBDC60 /* MatchDetailsService.swift */ = {isa = PBXFileReference; lastKnownFileType = sourcecode.swift; path = MatchDetailsService.swift; sourceTree = "<group>"; };
		6BEADCE62978CFDC00DBDC60 /* RemoteMatchDetailsService.swift */ = {isa = PBXFileReference; lastKnownFileType = sourcecode.swift; path = RemoteMatchDetailsService.swift; sourceTree = "<group>"; };
		6BEADCEA2978D0B800DBDC60 /* MatchesResponse.swift */ = {isa = PBXFileReference; lastKnownFileType = sourcecode.swift; path = MatchesResponse.swift; sourceTree = "<group>"; };
		6BEADCEF2978D8EC00DBDC60 /* Adversary.swift */ = {isa = PBXFileReference; lastKnownFileType = sourcecode.swift; path = Adversary.swift; sourceTree = "<group>"; };
		6BEADCF12978D8F900DBDC60 /* Matches.swift */ = {isa = PBXFileReference; lastKnownFileType = sourcecode.swift; path = Matches.swift; sourceTree = "<group>"; };
		6BEADCF32978DB4200DBDC60 /* AdversarySpecifications.swift */ = {isa = PBXFileReference; lastKnownFileType = sourcecode.swift; path = AdversarySpecifications.swift; sourceTree = "<group>"; };
		6BEADCF52978DF0D00DBDC60 /* League.swift */ = {isa = PBXFileReference; lastKnownFileType = sourcecode.swift; path = League.swift; sourceTree = "<group>"; };
		6BEADCFA2978E1FE00DBDC60 /* TeamsDetails.swift */ = {isa = PBXFileReference; lastKnownFileType = sourcecode.swift; path = TeamsDetails.swift; sourceTree = "<group>"; };
		6BEADCFC2978E22D00DBDC60 /* Players.swift */ = {isa = PBXFileReference; lastKnownFileType = sourcecode.swift; path = Players.swift; sourceTree = "<group>"; };
		6BEADCFE2978E40200DBDC60 /* AdversaryResponse.swift */ = {isa = PBXFileReference; lastKnownFileType = sourcecode.swift; path = AdversaryResponse.swift; sourceTree = "<group>"; };
		6BEADD022978E70300DBDC60 /* AdversarySpecificationsResponse.swift */ = {isa = PBXFileReference; lastKnownFileType = sourcecode.swift; path = AdversarySpecificationsResponse.swift; sourceTree = "<group>"; };
		6BEADD042978E96A00DBDC60 /* LeagueResponse.swift */ = {isa = PBXFileReference; lastKnownFileType = sourcecode.swift; path = LeagueResponse.swift; sourceTree = "<group>"; };
		6BEADD062978F9A400DBDC60 /* MatchDetailsResponse.swift */ = {isa = PBXFileReference; lastKnownFileType = sourcecode.swift; path = MatchDetailsResponse.swift; sourceTree = "<group>"; };
		6BEADD08297905C600DBDC60 /* MatchTeamsDetailsResponse.swift */ = {isa = PBXFileReference; lastKnownFileType = sourcecode.swift; path = MatchTeamsDetailsResponse.swift; sourceTree = "<group>"; };
		E5B7B6679092E2EADDB20348 /* Pods-CSTV.debug.xcconfig */ = {isa = PBXFileReference; includeInIndex = 1; lastKnownFileType = text.xcconfig; name = "Pods-CSTV.debug.xcconfig"; path = "Target Support Files/Pods-CSTV/Pods-CSTV.debug.xcconfig"; sourceTree = "<group>"; };
		EB9172A81E8206DDF8A6E76E /* Pods_CSTV.framework */ = {isa = PBXFileReference; explicitFileType = wrapper.framework; includeInIndex = 0; path = Pods_CSTV.framework; sourceTree = BUILT_PRODUCTS_DIR; };
/* End PBXFileReference section */

/* Begin PBXFrameworksBuildPhase section */
		6B50805D297652A30086E9E3 /* Frameworks */ = {
			isa = PBXFrameworksBuildPhase;
			buildActionMask = 2147483647;
			files = (
				4E1E2A4C1EF59D36FFF5DF29 /* Pods_CSTV.framework in Frameworks */,
			);
			runOnlyForDeploymentPostprocessing = 0;
		};
/* End PBXFrameworksBuildPhase section */

/* Begin PBXGroup section */
		5E2F49748A8710734B76567B /* Frameworks */ = {
			isa = PBXGroup;
			children = (
				EB9172A81E8206DDF8A6E76E /* Pods_CSTV.framework */,
			);
			name = Frameworks;
			sourceTree = "<group>";
		};
		6B4459322979996A004A6311 /* Manager */ = {
			isa = PBXGroup;
			children = (
				6B4459332979997E004A6311 /* AuthManager.swift */,
				6B4459352979998F004A6311 /* KeychainManager.swift */,
			);
			path = Manager;
			sourceTree = "<group>";
		};
		6B4459372979B65B004A6311 /* Matches */ = {
			isa = PBXGroup;
			children = (
				6B4459392979B692004A6311 /* MatchesDataSource.swift */,
				6B44593B2979B6AE004A6311 /* RemoteMatchesDataSource.swift */,
			);
			path = Matches;
			sourceTree = "<group>";
		};
		6B4459382979B665004A6311 /* MatchDetails */ = {
			isa = PBXGroup;
			children = (
				6B44593D2979B6C2004A6311 /* MatchDetailsDataSource.swift */,
				6B44593F2979B6D7004A6311 /* RemoteMatchDetailsDataSource.swift */,
			);
			path = MatchDetails;
			sourceTree = "<group>";
		};
		6B508057297652A30086E9E3 = {
			isa = PBXGroup;
			children = (
				6B508062297652A30086E9E3 /* CSTV */,
				6B508061297652A30086E9E3 /* Products */,
				F09881F7AD4D4F759CCBA5BD /* Pods */,
				5E2F49748A8710734B76567B /* Frameworks */,
			);
			sourceTree = "<group>";
		};
		6B508061297652A30086E9E3 /* Products */ = {
			isa = PBXGroup;
			children = (
				6B508060297652A30086E9E3 /* CSTV.app */,
			);
			name = Products;
			sourceTree = "<group>";
		};
		6B508062297652A30086E9E3 /* CSTV */ = {
			isa = PBXGroup;
			children = (
				6B946CE529771F1800D570FB /* Application */,
				6B946CE629771F2600D570FB /* Scene */,
				6B946CE729771F2C00D570FB /* Data */,
				6B946CE829771F3600D570FB /* Model  */,
				6B946CEA29771F4F00D570FB /* Common */,
				6B50806C297652A30086E9E3 /* Assets.xcassets */,
				6B508071297652A30086E9E3 /* Info.plist */,
			);
			path = CSTV;
			sourceTree = "<group>";
		};
		6B946CE529771F1800D570FB /* Application */ = {
			isa = PBXGroup;
			children = (
				6B508063297652A30086E9E3 /* AppDelegate.swift */,
				6B508065297652A30086E9E3 /* SceneDelegate.swift */,
				6B946CEB29771F9E00D570FB /* AppCoordinator.swift */,
			);
			path = Application;
			sourceTree = "<group>";
		};
		6B946CE629771F2600D570FB /* Scene */ = {
			isa = PBXGroup;
			children = (
				6B50806E297652A30086E9E3 /* LaunchScreen.storyboard */,
				6B946CED2977233100D570FB /* Main */,
				6B946CEE297723C300D570FB /* ListOfMatches */,
				6BEADCD92978BCDB00DBDC60 /* MatchDetails */,
			);
			path = Scene;
			sourceTree = "<group>";
		};
		6B946CE729771F2C00D570FB /* Data */ = {
			isa = PBXGroup;
			children = (
				6BEADCD5297882BA00DBDC60 /* DTO */,
				6BEADCDC2978C41800DBDC60 /* Repository  */,
				6BEADCDB2978C40A00DBDC60 /* DataSource */,
				6BEADCDA2978C3ED00DBDC60 /* Service */,
				6B946D0829777BC800D570FB /* API */,
			);
			path = Data;
			sourceTree = "<group>";
		};
		6B946CE829771F3600D570FB /* Model  */ = {
			isa = PBXGroup;
			children = (
				6BEADCED2978D8C200DBDC60 /* Matches */,
				6BEADCEE2978D8CC00DBDC60 /* MatchDetails */,
			);
			path = "Model ";
			sourceTree = "<group>";
		};
		6B946CEA29771F4F00D570FB /* Common */ = {
			isa = PBXGroup;
			children = (
				6B9C3F17297A26B400BD4BC0 /* Coordinator */,
				6B9C3F16297A26AA00BD4BC0 /* Observable */,
				6B4459322979996A004A6311 /* Manager */,
				6B946CFC2977281700D570FB /* Coordinator.swift */,
			);
			path = Common;
			sourceTree = "<group>";
		};
		6B946CED2977233100D570FB /* Main */ = {
			isa = PBXGroup;
			children = (
				6B946CF02977244000D570FB /* MainCoordinator.swift */,
			);
			path = Main;
			sourceTree = "<group>";
		};
		6B946CEE297723C300D570FB /* ListOfMatches */ = {
			isa = PBXGroup;
			children = (
				6B946CF6297724FF00D570FB /* View */,
				6B946CFE29772C5200D570FB /* ViewModel */,
			);
			path = ListOfMatches;
			sourceTree = "<group>";
		};
		6B946CF6297724FF00D570FB /* View */ = {
			isa = PBXGroup;
			children = (
				6B946CFF29772F0200D570FB /* ListOfMatchesTableViewCell */,
				6B946CF2297724F500D570FB /* ListOfMatchesViewController.swift */,
				6B946CF3297724F500D570FB /* ListOfMatchesViewController.xib */,
			);
			path = View;
			sourceTree = "<group>";
		};
		6B946CFE29772C5200D570FB /* ViewModel */ = {
			isa = PBXGroup;
			children = (
				6B946D042977311300D570FB /* ListOfMatchesViewModel.swift */,
				6B946D062977312900D570FB /* DefaultListOfMatchesViewModel.swift */,
			);
			path = ViewModel;
			sourceTree = "<group>";
		};
		6B946CFF29772F0200D570FB /* ListOfMatchesTableViewCell */ = {
			isa = PBXGroup;
			children = (
				6B946D0029772F9C00D570FB /* ListOfMatchesTableViewCell.swift */,
				6B946D0129772F9C00D570FB /* ListOfMatchesTableViewCell.xib */,
			);
			path = ListOfMatchesTableViewCell;
			sourceTree = "<group>";
		};
		6B946D0829777BC800D570FB /* API */ = {
			isa = PBXGroup;
			children = (
				6B946D0929777BF400D570FB /* PandaScoreAPI.swift */,
			);
			path = API;
			sourceTree = "<group>";
		};
		6B9C3F16297A26AA00BD4BC0 /* Observable */ = {
			isa = PBXGroup;
			children = (
				6B9C3F18297A26C200BD4BC0 /* Observable.swift */,
			);
			path = Observable;
			sourceTree = "<group>";
		};
		6B9C3F17297A26B400BD4BC0 /* Coordinator */ = {
			isa = PBXGroup;
			children = (
			);
			path = Coordinator;
			sourceTree = "<group>";
		};
		6BA98C46297A1BAA005549DC /* Matches */ = {
			isa = PBXGroup;
			children = (
				6BA98C48297A1BC9005549DC /* MatchesRepository.swift */,
				6BA98C4A297A1C86005549DC /* DefaultMatchesRepository.swift */,
			);
			path = Matches;
			sourceTree = "<group>";
		};
		6BA98C47297A1BB1005549DC /* MatchDetails */ = {
			isa = PBXGroup;
			children = (
			);
			path = MatchDetails;
			sourceTree = "<group>";
		};
		6BEADCD5297882BA00DBDC60 /* DTO */ = {
			isa = PBXGroup;
			children = (
				6BEADCD6297882C500DBDC60 /* Response */,
				6BEADCD7297882F100DBDC60 /* DTOMapper.swift */,
			);
			path = DTO;
			sourceTree = "<group>";
		};
		6BEADCD6297882C500DBDC60 /* Response */ = {
			isa = PBXGroup;
			children = (
				6BEADCE82978D06300DBDC60 /* Matches */,
				6BEADCE92978D07500DBDC60 /* MatchDetails */,
			);
			path = Response;
			sourceTree = "<group>";
		};
		6BEADCD92978BCDB00DBDC60 /* MatchDetails */ = {
			isa = PBXGroup;
			children = (
			);
			path = MatchDetails;
			sourceTree = "<group>";
		};
		6BEADCDA2978C3ED00DBDC60 /* Service */ = {
			isa = PBXGroup;
			children = (
				6BEADCDF2978CB1600DBDC60 /* Matches  */,
				6BEADCDE2978CAFB00DBDC60 /* MatchDetails */,
			);
			path = Service;
			sourceTree = "<group>";
		};
		6BEADCDB2978C40A00DBDC60 /* DataSource */ = {
			isa = PBXGroup;
			children = (
				6B4459372979B65B004A6311 /* Matches */,
				6B4459382979B665004A6311 /* MatchDetails */,
			);
			path = DataSource;
			sourceTree = "<group>";
		};
		6BEADCDC2978C41800DBDC60 /* Repository  */ = {
			isa = PBXGroup;
			children = (
				6BA98C46297A1BAA005549DC /* Matches */,
				6BA98C47297A1BB1005549DC /* MatchDetails */,
				6B4459412979C24F004A6311 /* RepositoryState.swift */,
			);
			path = "Repository ";
			sourceTree = "<group>";
		};
		6BEADCDE2978CAFB00DBDC60 /* MatchDetails */ = {
			isa = PBXGroup;
			children = (
				6BEADCE42978CFC400DBDC60 /* MatchDetailsService.swift */,
				6BEADCE62978CFDC00DBDC60 /* RemoteMatchDetailsService.swift */,
			);
			path = MatchDetails;
			sourceTree = "<group>";
		};
		6BEADCDF2978CB1600DBDC60 /* Matches  */ = {
			isa = PBXGroup;
			children = (
				6BEADCE02978CF9300DBDC60 /* MatchesService.swift */,
				6BEADCE22978CFA800DBDC60 /* RemoteMatchesService.swift */,
			);
			path = "Matches ";
			sourceTree = "<group>";
		};
		6BEADCE82978D06300DBDC60 /* Matches */ = {
			isa = PBXGroup;
			children = (
				6BEADD042978E96A00DBDC60 /* LeagueResponse.swift */,
				6BEADCEA2978D0B800DBDC60 /* MatchesResponse.swift */,
				6BEADCFE2978E40200DBDC60 /* AdversaryResponse.swift */,
				6BEADD022978E70300DBDC60 /* AdversarySpecificationsResponse.swift */,
			);
			path = Matches;
			sourceTree = "<group>";
		};
		6BEADCE92978D07500DBDC60 /* MatchDetails */ = {
			isa = PBXGroup;
			children = (
				6BEADD062978F9A400DBDC60 /* MatchDetailsResponse.swift */,
				6BEADD08297905C600DBDC60 /* MatchTeamsDetailsResponse.swift */,
			);
			path = MatchDetails;
			sourceTree = "<group>";
		};
		6BEADCED2978D8C200DBDC60 /* Matches */ = {
			isa = PBXGroup;
			children = (
				6BEADCF12978D8F900DBDC60 /* Matches.swift */,
				6BEADCEF2978D8EC00DBDC60 /* Adversary.swift */,
				6BEADCF32978DB4200DBDC60 /* AdversarySpecifications.swift */,
				6BEADCF52978DF0D00DBDC60 /* League.swift */,
			);
			path = Matches;
			sourceTree = "<group>";
		};
		6BEADCEE2978D8CC00DBDC60 /* MatchDetails */ = {
			isa = PBXGroup;
			children = (
				6BEADCFA2978E1FE00DBDC60 /* TeamsDetails.swift */,
				6BEADCFC2978E22D00DBDC60 /* Players.swift */,
			);
			path = MatchDetails;
			sourceTree = "<group>";
		};
		F09881F7AD4D4F759CCBA5BD /* Pods */ = {
			isa = PBXGroup;
			children = (
				E5B7B6679092E2EADDB20348 /* Pods-CSTV.debug.xcconfig */,
				2EECE291B2B95C703F54C776 /* Pods-CSTV.release.xcconfig */,
			);
			path = Pods;
			sourceTree = "<group>";
		};
/* End PBXGroup section */

/* Begin PBXNativeTarget section */
		6B50805F297652A30086E9E3 /* CSTV */ = {
			isa = PBXNativeTarget;
			buildConfigurationList = 6B508074297652A30086E9E3 /* Build configuration list for PBXNativeTarget "CSTV" */;
			buildPhases = (
				61824A0A038E44AC23920C3A /* [CP] Check Pods Manifest.lock */,
				6B50805C297652A30086E9E3 /* Sources */,
				6B50805D297652A30086E9E3 /* Frameworks */,
				6B50805E297652A30086E9E3 /* Resources */,
				AAC70DA8D4AC5CDC5D30196F /* [CP] Embed Pods Frameworks */,
			);
			buildRules = (
			);
			dependencies = (
			);
			name = CSTV;
			productName = CSTV;
			productReference = 6B508060297652A30086E9E3 /* CSTV.app */;
			productType = "com.apple.product-type.application";
		};
/* End PBXNativeTarget section */

/* Begin PBXProject section */
		6B508058297652A30086E9E3 /* Project object */ = {
			isa = PBXProject;
			attributes = {
				BuildIndependentTargetsInParallel = 1;
				LastSwiftUpdateCheck = 1420;
				LastUpgradeCheck = 1420;
				TargetAttributes = {
					6B50805F297652A30086E9E3 = {
						CreatedOnToolsVersion = 14.2;
					};
				};
			};
			buildConfigurationList = 6B50805B297652A30086E9E3 /* Build configuration list for PBXProject "CSTV" */;
			compatibilityVersion = "Xcode 14.0";
			developmentRegion = en;
			hasScannedForEncodings = 0;
			knownRegions = (
				en,
				Base,
			);
			mainGroup = 6B508057297652A30086E9E3;
			productRefGroup = 6B508061297652A30086E9E3 /* Products */;
			projectDirPath = "";
			projectRoot = "";
			targets = (
				6B50805F297652A30086E9E3 /* CSTV */,
			);
		};
/* End PBXProject section */

/* Begin PBXResourcesBuildPhase section */
		6B50805E297652A30086E9E3 /* Resources */ = {
			isa = PBXResourcesBuildPhase;
			buildActionMask = 2147483647;
			files = (
				6B946D0329772F9C00D570FB /* ListOfMatchesTableViewCell.xib in Resources */,
				6B508070297652A30086E9E3 /* LaunchScreen.storyboard in Resources */,
				6B50806D297652A30086E9E3 /* Assets.xcassets in Resources */,
				6B946CF5297724F500D570FB /* ListOfMatchesViewController.xib in Resources */,
			);
			runOnlyForDeploymentPostprocessing = 0;
		};
/* End PBXResourcesBuildPhase section */

/* Begin PBXShellScriptBuildPhase section */
		61824A0A038E44AC23920C3A /* [CP] Check Pods Manifest.lock */ = {
			isa = PBXShellScriptBuildPhase;
			buildActionMask = 2147483647;
			files = (
			);
			inputFileListPaths = (
			);
			inputPaths = (
				"${PODS_PODFILE_DIR_PATH}/Podfile.lock",
				"${PODS_ROOT}/Manifest.lock",
			);
			name = "[CP] Check Pods Manifest.lock";
			outputFileListPaths = (
			);
			outputPaths = (
				"$(DERIVED_FILE_DIR)/Pods-CSTV-checkManifestLockResult.txt",
			);
			runOnlyForDeploymentPostprocessing = 0;
			shellPath = /bin/sh;
			shellScript = "diff \"${PODS_PODFILE_DIR_PATH}/Podfile.lock\" \"${PODS_ROOT}/Manifest.lock\" > /dev/null\nif [ $? != 0 ] ; then\n    # print error to STDERR\n    echo \"error: The sandbox is not in sync with the Podfile.lock. Run 'pod install' or update your CocoaPods installation.\" >&2\n    exit 1\nfi\n# This output is used by Xcode 'outputs' to avoid re-running this script phase.\necho \"SUCCESS\" > \"${SCRIPT_OUTPUT_FILE_0}\"\n";
			showEnvVarsInLog = 0;
		};
		AAC70DA8D4AC5CDC5D30196F /* [CP] Embed Pods Frameworks */ = {
			isa = PBXShellScriptBuildPhase;
			buildActionMask = 2147483647;
			files = (
			);
			inputFileListPaths = (
				"${PODS_ROOT}/Target Support Files/Pods-CSTV/Pods-CSTV-frameworks-${CONFIGURATION}-input-files.xcfilelist",
			);
			name = "[CP] Embed Pods Frameworks";
			outputFileListPaths = (
				"${PODS_ROOT}/Target Support Files/Pods-CSTV/Pods-CSTV-frameworks-${CONFIGURATION}-output-files.xcfilelist",
			);
			runOnlyForDeploymentPostprocessing = 0;
			shellPath = /bin/sh;
			shellScript = "\"${PODS_ROOT}/Target Support Files/Pods-CSTV/Pods-CSTV-frameworks.sh\"\n";
			showEnvVarsInLog = 0;
		};
/* End PBXShellScriptBuildPhase section */

/* Begin PBXSourcesBuildPhase section */
		6B50805C297652A30086E9E3 /* Sources */ = {
			isa = PBXSourcesBuildPhase;
			buildActionMask = 2147483647;
			files = (
				6B946CF4297724F500D570FB /* ListOfMatchesViewController.swift in Sources */,
				6B4459342979997E004A6311 /* AuthManager.swift in Sources */,
				6B4459402979B6D7004A6311 /* RemoteMatchDetailsDataSource.swift in Sources */,
				6BEADD072978F9A400DBDC60 /* MatchDetailsResponse.swift in Sources */,
				6B946D052977311300D570FB /* ListOfMatchesViewModel.swift in Sources */,
				6B946CEC29771F9E00D570FB /* AppCoordinator.swift in Sources */,
				6B946CF12977244000D570FB /* MainCoordinator.swift in Sources */,
				6BEADCF02978D8EC00DBDC60 /* Adversary.swift in Sources */,
				6BEADCEB2978D0B800DBDC60 /* MatchesResponse.swift in Sources */,
				6B946D0A29777BF400D570FB /* PandaScoreAPI.swift in Sources */,
				6BEADCFB2978E1FE00DBDC60 /* TeamsDetails.swift in Sources */,
				6BEADD052978E96A00DBDC60 /* LeagueResponse.swift in Sources */,
				6BEADCF22978D8F900DBDC60 /* Matches.swift in Sources */,
				6BA98C49297A1BC9005549DC /* MatchesRepository.swift in Sources */,
				6BEADCE32978CFA800DBDC60 /* RemoteMatchesService.swift in Sources */,
				6B4459362979998F004A6311 /* KeychainManager.swift in Sources */,
				6BEADCE52978CFC400DBDC60 /* MatchDetailsService.swift in Sources */,
				6B44593C2979B6AE004A6311 /* RemoteMatchesDataSource.swift in Sources */,
				6BEADCD8297882F100DBDC60 /* DTOMapper.swift in Sources */,
				6BA98C4B297A1C86005549DC /* DefaultMatchesRepository.swift in Sources */,
				6BEADD032978E70300DBDC60 /* AdversarySpecificationsResponse.swift in Sources */,
				6BEADCF42978DB4200DBDC60 /* AdversarySpecifications.swift in Sources */,
				6B44593A2979B692004A6311 /* MatchesDataSource.swift in Sources */,
				6BEADD09297905C600DBDC60 /* MatchTeamsDetailsResponse.swift in Sources */,
				6B44593E2979B6C2004A6311 /* MatchDetailsDataSource.swift in Sources */,
				6B946D072977312900D570FB /* DefaultListOfMatchesViewModel.swift in Sources */,
				6BEADCE72978CFDC00DBDC60 /* RemoteMatchDetailsService.swift in Sources */,
				6B4459422979C24F004A6311 /* RepositoryState.swift in Sources */,
				6BEADCFF2978E40200DBDC60 /* AdversaryResponse.swift in Sources */,
				6B508064297652A30086E9E3 /* AppDelegate.swift in Sources */,
				6B9C3F19297A26C200BD4BC0 /* Observable.swift in Sources */,
				6B508066297652A30086E9E3 /* SceneDelegate.swift in Sources */,
				6BEADCE12978CF9300DBDC60 /* MatchesService.swift in Sources */,
				6B946D0229772F9C00D570FB /* ListOfMatchesTableViewCell.swift in Sources */,
				6BEADCF62978DF0D00DBDC60 /* League.swift in Sources */,
				6BEADCFD2978E22D00DBDC60 /* Players.swift in Sources */,
				6B946CFD2977281700D570FB /* Coordinator.swift in Sources */,
			);
			runOnlyForDeploymentPostprocessing = 0;
		};
/* End PBXSourcesBuildPhase section */

/* Begin PBXVariantGroup section */
		6B50806E297652A30086E9E3 /* LaunchScreen.storyboard */ = {
			isa = PBXVariantGroup;
			children = (
				6B50806F297652A30086E9E3 /* Base */,
			);
			name = LaunchScreen.storyboard;
			sourceTree = "<group>";
		};
/* End PBXVariantGroup section */

/* Begin XCBuildConfiguration section */
		6B508072297652A30086E9E3 /* Debug */ = {
			isa = XCBuildConfiguration;
			buildSettings = {
				ALWAYS_SEARCH_USER_PATHS = NO;
				CLANG_ANALYZER_NONNULL = YES;
				CLANG_ANALYZER_NUMBER_OBJECT_CONVERSION = YES_AGGRESSIVE;
				CLANG_CXX_LANGUAGE_STANDARD = "gnu++20";
				CLANG_ENABLE_MODULES = YES;
				CLANG_ENABLE_OBJC_ARC = YES;
				CLANG_ENABLE_OBJC_WEAK = YES;
				CLANG_WARN_BLOCK_CAPTURE_AUTORELEASING = YES;
				CLANG_WARN_BOOL_CONVERSION = YES;
				CLANG_WARN_COMMA = YES;
				CLANG_WARN_CONSTANT_CONVERSION = YES;
				CLANG_WARN_DEPRECATED_OBJC_IMPLEMENTATIONS = YES;
				CLANG_WARN_DIRECT_OBJC_ISA_USAGE = YES_ERROR;
				CLANG_WARN_DOCUMENTATION_COMMENTS = YES;
				CLANG_WARN_EMPTY_BODY = YES;
				CLANG_WARN_ENUM_CONVERSION = YES;
				CLANG_WARN_INFINITE_RECURSION = YES;
				CLANG_WARN_INT_CONVERSION = YES;
				CLANG_WARN_NON_LITERAL_NULL_CONVERSION = YES;
				CLANG_WARN_OBJC_IMPLICIT_RETAIN_SELF = YES;
				CLANG_WARN_OBJC_LITERAL_CONVERSION = YES;
				CLANG_WARN_OBJC_ROOT_CLASS = YES_ERROR;
				CLANG_WARN_QUOTED_INCLUDE_IN_FRAMEWORK_HEADER = YES;
				CLANG_WARN_RANGE_LOOP_ANALYSIS = YES;
				CLANG_WARN_STRICT_PROTOTYPES = YES;
				CLANG_WARN_SUSPICIOUS_MOVE = YES;
				CLANG_WARN_UNGUARDED_AVAILABILITY = YES_AGGRESSIVE;
				CLANG_WARN_UNREACHABLE_CODE = YES;
				CLANG_WARN__DUPLICATE_METHOD_MATCH = YES;
				COPY_PHASE_STRIP = NO;
				DEBUG_INFORMATION_FORMAT = dwarf;
				ENABLE_STRICT_OBJC_MSGSEND = YES;
				ENABLE_TESTABILITY = YES;
				GCC_C_LANGUAGE_STANDARD = gnu11;
				GCC_DYNAMIC_NO_PIC = NO;
				GCC_NO_COMMON_BLOCKS = YES;
				GCC_OPTIMIZATION_LEVEL = 0;
				GCC_PREPROCESSOR_DEFINITIONS = (
					"DEBUG=1",
					"$(inherited)",
				);
				GCC_WARN_64_TO_32_BIT_CONVERSION = YES;
				GCC_WARN_ABOUT_RETURN_TYPE = YES_ERROR;
				GCC_WARN_UNDECLARED_SELECTOR = YES;
				GCC_WARN_UNINITIALIZED_AUTOS = YES_AGGRESSIVE;
				GCC_WARN_UNUSED_FUNCTION = YES;
				GCC_WARN_UNUSED_VARIABLE = YES;
				IPHONEOS_DEPLOYMENT_TARGET = 16.2;
				MTL_ENABLE_DEBUG_INFO = INCLUDE_SOURCE;
				MTL_FAST_MATH = YES;
				ONLY_ACTIVE_ARCH = YES;
				SDKROOT = iphoneos;
				SWIFT_ACTIVE_COMPILATION_CONDITIONS = DEBUG;
				SWIFT_OPTIMIZATION_LEVEL = "-Onone";
			};
			name = Debug;
		};
		6B508073297652A30086E9E3 /* Release */ = {
			isa = XCBuildConfiguration;
			buildSettings = {
				ALWAYS_SEARCH_USER_PATHS = NO;
				CLANG_ANALYZER_NONNULL = YES;
				CLANG_ANALYZER_NUMBER_OBJECT_CONVERSION = YES_AGGRESSIVE;
				CLANG_CXX_LANGUAGE_STANDARD = "gnu++20";
				CLANG_ENABLE_MODULES = YES;
				CLANG_ENABLE_OBJC_ARC = YES;
				CLANG_ENABLE_OBJC_WEAK = YES;
				CLANG_WARN_BLOCK_CAPTURE_AUTORELEASING = YES;
				CLANG_WARN_BOOL_CONVERSION = YES;
				CLANG_WARN_COMMA = YES;
				CLANG_WARN_CONSTANT_CONVERSION = YES;
				CLANG_WARN_DEPRECATED_OBJC_IMPLEMENTATIONS = YES;
				CLANG_WARN_DIRECT_OBJC_ISA_USAGE = YES_ERROR;
				CLANG_WARN_DOCUMENTATION_COMMENTS = YES;
				CLANG_WARN_EMPTY_BODY = YES;
				CLANG_WARN_ENUM_CONVERSION = YES;
				CLANG_WARN_INFINITE_RECURSION = YES;
				CLANG_WARN_INT_CONVERSION = YES;
				CLANG_WARN_NON_LITERAL_NULL_CONVERSION = YES;
				CLANG_WARN_OBJC_IMPLICIT_RETAIN_SELF = YES;
				CLANG_WARN_OBJC_LITERAL_CONVERSION = YES;
				CLANG_WARN_OBJC_ROOT_CLASS = YES_ERROR;
				CLANG_WARN_QUOTED_INCLUDE_IN_FRAMEWORK_HEADER = YES;
				CLANG_WARN_RANGE_LOOP_ANALYSIS = YES;
				CLANG_WARN_STRICT_PROTOTYPES = YES;
				CLANG_WARN_SUSPICIOUS_MOVE = YES;
				CLANG_WARN_UNGUARDED_AVAILABILITY = YES_AGGRESSIVE;
				CLANG_WARN_UNREACHABLE_CODE = YES;
				CLANG_WARN__DUPLICATE_METHOD_MATCH = YES;
				COPY_PHASE_STRIP = NO;
				DEBUG_INFORMATION_FORMAT = "dwarf-with-dsym";
				ENABLE_NS_ASSERTIONS = NO;
				ENABLE_STRICT_OBJC_MSGSEND = YES;
				GCC_C_LANGUAGE_STANDARD = gnu11;
				GCC_NO_COMMON_BLOCKS = YES;
				GCC_WARN_64_TO_32_BIT_CONVERSION = YES;
				GCC_WARN_ABOUT_RETURN_TYPE = YES_ERROR;
				GCC_WARN_UNDECLARED_SELECTOR = YES;
				GCC_WARN_UNINITIALIZED_AUTOS = YES_AGGRESSIVE;
				GCC_WARN_UNUSED_FUNCTION = YES;
				GCC_WARN_UNUSED_VARIABLE = YES;
				IPHONEOS_DEPLOYMENT_TARGET = 16.2;
				MTL_ENABLE_DEBUG_INFO = NO;
				MTL_FAST_MATH = YES;
				SDKROOT = iphoneos;
				SWIFT_COMPILATION_MODE = wholemodule;
				SWIFT_OPTIMIZATION_LEVEL = "-O";
				VALIDATE_PRODUCT = YES;
			};
			name = Release;
		};
		6B508075297652A30086E9E3 /* Debug */ = {
			isa = XCBuildConfiguration;
			baseConfigurationReference = E5B7B6679092E2EADDB20348 /* Pods-CSTV.debug.xcconfig */;
			buildSettings = {
				ASSETCATALOG_COMPILER_APPICON_NAME = AppIcon;
				ASSETCATALOG_COMPILER_GLOBAL_ACCENT_COLOR_NAME = AccentColor;
				CODE_SIGN_STYLE = Automatic;
				CURRENT_PROJECT_VERSION = 1;
				DEVELOPMENT_TEAM = J3ZAH6F73K;
				GENERATE_INFOPLIST_FILE = YES;
				INFOPLIST_FILE = CSTV/Info.plist;
				INFOPLIST_KEY_UIApplicationSupportsIndirectInputEvents = YES;
				INFOPLIST_KEY_UILaunchStoryboardName = LaunchScreen.storyboard;
				INFOPLIST_KEY_UIMainStoryboardFile = Main;
				INFOPLIST_KEY_UISupportedInterfaceOrientations_iPad = "UIInterfaceOrientationPortrait UIInterfaceOrientationPortraitUpsideDown UIInterfaceOrientationLandscapeLeft UIInterfaceOrientationLandscapeRight";
				INFOPLIST_KEY_UISupportedInterfaceOrientations_iPhone = "UIInterfaceOrientationPortrait UIInterfaceOrientationLandscapeLeft UIInterfaceOrientationLandscapeRight";
				LD_RUNPATH_SEARCH_PATHS = (
					"$(inherited)",
					"@executable_path/Frameworks",
				);
				MARKETING_VERSION = 1.0;
				PRODUCT_BUNDLE_IDENTIFIER = projectIOS.CSTV;
				PRODUCT_NAME = "$(TARGET_NAME)";
				SWIFT_EMIT_LOC_STRINGS = YES;
				SWIFT_VERSION = 5.0;
				TARGETED_DEVICE_FAMILY = "1,2";
			};
			name = Debug;
		};
		6B508076297652A30086E9E3 /* Release */ = {
			isa = XCBuildConfiguration;
			baseConfigurationReference = 2EECE291B2B95C703F54C776 /* Pods-CSTV.release.xcconfig */;
			buildSettings = {
				ASSETCATALOG_COMPILER_APPICON_NAME = AppIcon;
				ASSETCATALOG_COMPILER_GLOBAL_ACCENT_COLOR_NAME = AccentColor;
				CODE_SIGN_STYLE = Automatic;
				CURRENT_PROJECT_VERSION = 1;
				DEVELOPMENT_TEAM = J3ZAH6F73K;
				GENERATE_INFOPLIST_FILE = YES;
				INFOPLIST_FILE = CSTV/Info.plist;
				INFOPLIST_KEY_UIApplicationSupportsIndirectInputEvents = YES;
				INFOPLIST_KEY_UILaunchStoryboardName = LaunchScreen.storyboard;
				INFOPLIST_KEY_UIMainStoryboardFile = Main;
				INFOPLIST_KEY_UISupportedInterfaceOrientations_iPad = "UIInterfaceOrientationPortrait UIInterfaceOrientationPortraitUpsideDown UIInterfaceOrientationLandscapeLeft UIInterfaceOrientationLandscapeRight";
				INFOPLIST_KEY_UISupportedInterfaceOrientations_iPhone = "UIInterfaceOrientationPortrait UIInterfaceOrientationLandscapeLeft UIInterfaceOrientationLandscapeRight";
				LD_RUNPATH_SEARCH_PATHS = (
					"$(inherited)",
					"@executable_path/Frameworks",
				);
				MARKETING_VERSION = 1.0;
				PRODUCT_BUNDLE_IDENTIFIER = projectIOS.CSTV;
				PRODUCT_NAME = "$(TARGET_NAME)";
				SWIFT_EMIT_LOC_STRINGS = YES;
				SWIFT_VERSION = 5.0;
				TARGETED_DEVICE_FAMILY = "1,2";
			};
			name = Release;
		};
/* End XCBuildConfiguration section */

/* Begin XCConfigurationList section */
		6B50805B297652A30086E9E3 /* Build configuration list for PBXProject "CSTV" */ = {
			isa = XCConfigurationList;
			buildConfigurations = (
				6B508072297652A30086E9E3 /* Debug */,
				6B508073297652A30086E9E3 /* Release */,
			);
			defaultConfigurationIsVisible = 0;
			defaultConfigurationName = Release;
		};
		6B508074297652A30086E9E3 /* Build configuration list for PBXNativeTarget "CSTV" */ = {
			isa = XCConfigurationList;
			buildConfigurations = (
				6B508075297652A30086E9E3 /* Debug */,
				6B508076297652A30086E9E3 /* Release */,
			);
			defaultConfigurationIsVisible = 0;
			defaultConfigurationName = Release;
		};
/* End XCConfigurationList section */
	};
	rootObject = 6B508058297652A30086E9E3 /* Project object */;
}
